// !$*UTF8*$!
{
	archiveVersion = 1;
	classes = {
	};
	objectVersion = 55;
	objects = {

/* Begin PBXBuildFile section */
		54003D6327A39F1600723263 /* Category.swift in Sources */ = {isa = PBXBuildFile; fileRef = 54003D6227A39F1600723263 /* Category.swift */; };
		54003D6527A39FFF00723263 /* Unit.swift in Sources */ = {isa = PBXBuildFile; fileRef = 54003D6427A39FFF00723263 /* Unit.swift */; };
		54003D6727A3A00A00723263 /* Conversion.swift in Sources */ = {isa = PBXBuildFile; fileRef = 54003D6627A3A00A00723263 /* Conversion.swift */; };
		54003D6927A3A53D00723263 /* ConverterView.swift in Sources */ = {isa = PBXBuildFile; fileRef = 54003D6827A3A53D00723263 /* ConverterView.swift */; };
		5428CD52279A6444002216A7 /* Color+Extension.swift in Sources */ = {isa = PBXBuildFile; fileRef = 5428CD51279A6444002216A7 /* Color+Extension.swift */; };
		5428CD54279A6B53002216A7 /* HomeView.swift in Sources */ = {isa = PBXBuildFile; fileRef = 5428CD53279A6B53002216A7 /* HomeView.swift */; };
		5428CD56279A6D09002216A7 /* CalcKeyboardView.swift in Sources */ = {isa = PBXBuildFile; fileRef = 5428CD55279A6D09002216A7 /* CalcKeyboardView.swift */; };
		5428CD58279A6D21002216A7 /* HomeViewModel.swift in Sources */ = {isa = PBXBuildFile; fileRef = 5428CD57279A6D21002216A7 /* HomeViewModel.swift */; };
		5428CD5A279A6DC3002216A7 /* UnitConverterView.swift in Sources */ = {isa = PBXBuildFile; fileRef = 5428CD59279A6DC3002216A7 /* UnitConverterView.swift */; };
		543AC33127048BB0008BFCB0 /* CalcApp_sadoshimaApp.swift in Sources */ = {isa = PBXBuildFile; fileRef = 543AC33027048BB0008BFCB0 /* CalcApp_sadoshimaApp.swift */; };
		543AC33327048BB0008BFCB0 /* ContentView.swift in Sources */ = {isa = PBXBuildFile; fileRef = 543AC33227048BB0008BFCB0 /* ContentView.swift */; };
		543AC33527048BB1008BFCB0 /* Assets.xcassets in Resources */ = {isa = PBXBuildFile; fileRef = 543AC33427048BB1008BFCB0 /* Assets.xcassets */; };
		543AC33827048BB1008BFCB0 /* Preview Assets.xcassets in Resources */ = {isa = PBXBuildFile; fileRef = 543AC33727048BB1008BFCB0 /* Preview Assets.xcassets */; };
		543C456C27B4E3BD00B8C024 /* LengthConversions.swift in Sources */ = {isa = PBXBuildFile; fileRef = 543C456B27B4E3BD00B8C024 /* LengthConversions.swift */; };
		543C456E27B4E3CB00B8C024 /* WeightConversions.swift in Sources */ = {isa = PBXBuildFile; fileRef = 543C456D27B4E3CB00B8C024 /* WeightConversions.swift */; };
		543C457027B4E3D600B8C024 /* AreaConversions.swift in Sources */ = {isa = PBXBuildFile; fileRef = 543C456F27B4E3D600B8C024 /* AreaConversions.swift */; };
		544C773127ACE41A00BD46BB /* LengthData.swift in Sources */ = {isa = PBXBuildFile; fileRef = 544C773027ACE41A00BD46BB /* LengthData.swift */; };
		547E2E2D2706C206004F3565 /* CircleText.swift in Sources */ = {isa = PBXBuildFile; fileRef = 547E2E2C2706C206004F3565 /* CircleText.swift */; };
		547E2E2F2706DA09004F3565 /* Operator.swift in Sources */ = {isa = PBXBuildFile; fileRef = 547E2E2E2706DA09004F3565 /* Operator.swift */; };
		54A7ED812722751400523136 /* CalculatorViewModel.swift in Sources */ = {isa = PBXBuildFile; fileRef = 54A7ED802722751400523136 /* CalculatorViewModel.swift */; };
		54BC202427B0EBC700E9118D /* WeightData.swift in Sources */ = {isa = PBXBuildFile; fileRef = 54BC202327B0EBC700E9118D /* WeightData.swift */; };
		54BC202627B0F38000E9118D /* AreaData.swift in Sources */ = {isa = PBXBuildFile; fileRef = 54BC202527B0F38000E9118D /* AreaData.swift */; };
		54E61E792795DF7200D52187 /* Decimal+Extension.swift in Sources */ = {isa = PBXBuildFile; fileRef = 54E61E782795DF7200D52187 /* Decimal+Extension.swift */; };
		54E61E7B2795E09900D52187 /* MilligramKeyboardView.swift in Sources */ = {isa = PBXBuildFile; fileRef = 54E61E7A2795E09900D52187 /* MilligramKeyboardView.swift */; };
/* End PBXBuildFile section */

/* Begin PBXFileReference section */
		54003D6227A39F1600723263 /* Category.swift */ = {isa = PBXFileReference; lastKnownFileType = sourcecode.swift; path = Category.swift; sourceTree = "<group>"; };
		54003D6427A39FFF00723263 /* Unit.swift */ = {isa = PBXFileReference; lastKnownFileType = sourcecode.swift; path = Unit.swift; sourceTree = "<group>"; };
		54003D6627A3A00A00723263 /* Conversion.swift */ = {isa = PBXFileReference; lastKnownFileType = sourcecode.swift; path = Conversion.swift; sourceTree = "<group>"; };
		54003D6827A3A53D00723263 /* ConverterView.swift */ = {isa = PBXFileReference; lastKnownFileType = sourcecode.swift; path = ConverterView.swift; sourceTree = "<group>"; };
		5428CD51279A6444002216A7 /* Color+Extension.swift */ = {isa = PBXFileReference; lastKnownFileType = sourcecode.swift; path = "Color+Extension.swift"; sourceTree = "<group>"; };
		5428CD53279A6B53002216A7 /* HomeView.swift */ = {isa = PBXFileReference; lastKnownFileType = sourcecode.swift; path = HomeView.swift; sourceTree = "<group>"; };
		5428CD55279A6D09002216A7 /* CalcKeyboardView.swift */ = {isa = PBXFileReference; lastKnownFileType = sourcecode.swift; path = CalcKeyboardView.swift; sourceTree = "<group>"; };
		5428CD57279A6D21002216A7 /* HomeViewModel.swift */ = {isa = PBXFileReference; lastKnownFileType = sourcecode.swift; path = HomeViewModel.swift; sourceTree = "<group>"; };
		5428CD59279A6DC3002216A7 /* UnitConverterView.swift */ = {isa = PBXFileReference; lastKnownFileType = sourcecode.swift; path = UnitConverterView.swift; sourceTree = "<group>"; };
		543AC32D27048BB0008BFCB0 /* CalcApp_sadoshima.app */ = {isa = PBXFileReference; explicitFileType = wrapper.application; includeInIndex = 0; path = CalcApp_sadoshima.app; sourceTree = BUILT_PRODUCTS_DIR; };
		543AC33027048BB0008BFCB0 /* CalcApp_sadoshimaApp.swift */ = {isa = PBXFileReference; lastKnownFileType = sourcecode.swift; path = CalcApp_sadoshimaApp.swift; sourceTree = "<group>"; };
		543AC33227048BB0008BFCB0 /* ContentView.swift */ = {isa = PBXFileReference; lastKnownFileType = sourcecode.swift; path = ContentView.swift; sourceTree = "<group>"; };
		543AC33427048BB1008BFCB0 /* Assets.xcassets */ = {isa = PBXFileReference; lastKnownFileType = folder.assetcatalog; path = Assets.xcassets; sourceTree = "<group>"; };
		543AC33727048BB1008BFCB0 /* Preview Assets.xcassets */ = {isa = PBXFileReference; lastKnownFileType = folder.assetcatalog; path = "Preview Assets.xcassets"; sourceTree = "<group>"; };
		543C456B27B4E3BD00B8C024 /* LengthConversions.swift */ = {isa = PBXFileReference; lastKnownFileType = sourcecode.swift; path = LengthConversions.swift; sourceTree = "<group>"; };
		543C456D27B4E3CB00B8C024 /* WeightConversions.swift */ = {isa = PBXFileReference; lastKnownFileType = sourcecode.swift; path = WeightConversions.swift; sourceTree = "<group>"; };
		543C456F27B4E3D600B8C024 /* AreaConversions.swift */ = {isa = PBXFileReference; lastKnownFileType = sourcecode.swift; path = AreaConversions.swift; sourceTree = "<group>"; };
		544C773027ACE41A00BD46BB /* LengthData.swift */ = {isa = PBXFileReference; lastKnownFileType = sourcecode.swift; path = LengthData.swift; sourceTree = "<group>"; };
		547E2E2C2706C206004F3565 /* CircleText.swift */ = {isa = PBXFileReference; lastKnownFileType = sourcecode.swift; path = CircleText.swift; sourceTree = "<group>"; };
		547E2E2E2706DA09004F3565 /* Operator.swift */ = {isa = PBXFileReference; lastKnownFileType = sourcecode.swift; path = Operator.swift; sourceTree = "<group>"; };
		54A7ED802722751400523136 /* CalculatorViewModel.swift */ = {isa = PBXFileReference; lastKnownFileType = sourcecode.swift; path = CalculatorViewModel.swift; sourceTree = "<group>"; };
		54BC202327B0EBC700E9118D /* WeightData.swift */ = {isa = PBXFileReference; lastKnownFileType = sourcecode.swift; path = WeightData.swift; sourceTree = "<group>"; };
		54BC202527B0F38000E9118D /* AreaData.swift */ = {isa = PBXFileReference; lastKnownFileType = sourcecode.swift; path = AreaData.swift; sourceTree = "<group>"; };
		54E61E782795DF7200D52187 /* Decimal+Extension.swift */ = {isa = PBXFileReference; lastKnownFileType = sourcecode.swift; path = "Decimal+Extension.swift"; sourceTree = "<group>"; };
		54E61E7A2795E09900D52187 /* MilligramKeyboardView.swift */ = {isa = PBXFileReference; lastKnownFileType = sourcecode.swift; path = MilligramKeyboardView.swift; sourceTree = "<group>"; };
/* End PBXFileReference section */

/* Begin PBXFrameworksBuildPhase section */
		543AC32A27048BB0008BFCB0 /* Frameworks */ = {
			isa = PBXFrameworksBuildPhase;
			buildActionMask = 2147483647;
			files = (
			);
			runOnlyForDeploymentPostprocessing = 0;
		};
/* End PBXFrameworksBuildPhase section */

/* Begin PBXGroup section */
		5428CD50279A642C002216A7 /* Extensions */ = {
			isa = PBXGroup;
			children = (
				5428CD51279A6444002216A7 /* Color+Extension.swift */,
			);
			path = Extensions;
			sourceTree = "<group>";
		};
		543AC32427048BB0008BFCB0 = {
			isa = PBXGroup;
			children = (
				543AC32F27048BB0008BFCB0 /* CalcApp_sadoshima */,
				543AC32E27048BB0008BFCB0 /* Products */,
			);
			sourceTree = "<group>";
		};
		543AC32E27048BB0008BFCB0 /* Products */ = {
			isa = PBXGroup;
			children = (
				543AC32D27048BB0008BFCB0 /* CalcApp_sadoshima.app */,
			);
			name = Products;
			sourceTree = "<group>";
		};
		543AC32F27048BB0008BFCB0 /* CalcApp_sadoshima */ = {
			isa = PBXGroup;
			children = (
				5428CD50279A642C002216A7 /* Extensions */,
				54B3486A276C44BF00145133 /* Model */,
				54B34869276C44A600145133 /* ViewModel */,
				54B34868276C449F00145133 /* View */,
				543AC33027048BB0008BFCB0 /* CalcApp_sadoshimaApp.swift */,
				543AC33227048BB0008BFCB0 /* ContentView.swift */,
				543AC33427048BB1008BFCB0 /* Assets.xcassets */,
				543AC33627048BB1008BFCB0 /* Preview Content */,
				547E2E2C2706C206004F3565 /* CircleText.swift */,
				547E2E2E2706DA09004F3565 /* Operator.swift */,
				54A7ED802722751400523136 /* CalculatorViewModel.swift */,
				54E61E782795DF7200D52187 /* Decimal+Extension.swift */,
			);
			path = CalcApp_sadoshima;
			sourceTree = "<group>";
		};
		543AC33627048BB1008BFCB0 /* Preview Content */ = {
			isa = PBXGroup;
			children = (
				543AC33727048BB1008BFCB0 /* Preview Assets.xcassets */,
			);
			path = "Preview Content";
			sourceTree = "<group>";
		};
		54B34868276C449F00145133 /* View */ = {
			isa = PBXGroup;
			children = (
				54E61E7A2795E09900D52187 /* MilligramKeyboardView.swift */,
				5428CD53279A6B53002216A7 /* HomeView.swift */,
				5428CD55279A6D09002216A7 /* CalcKeyboardView.swift */,
				5428CD59279A6DC3002216A7 /* UnitConverterView.swift */,
				54003D6827A3A53D00723263 /* ConverterView.swift */,
			);
			path = View;
			sourceTree = "<group>";
		};
		54B34869276C44A600145133 /* ViewModel */ = {
			isa = PBXGroup;
			children = (
				5428CD57279A6D21002216A7 /* HomeViewModel.swift */,
			);
			path = ViewModel;
			sourceTree = "<group>";
		};
		54B3486A276C44BF00145133 /* Model */ = {
			isa = PBXGroup;
			children = (
				54003D6227A39F1600723263 /* Category.swift */,
				54003D6427A39FFF00723263 /* Unit.swift */,
				54003D6627A3A00A00723263 /* Conversion.swift */,
				544C773027ACE41A00BD46BB /* LengthData.swift */,
				54BC202327B0EBC700E9118D /* WeightData.swift */,
				54BC202527B0F38000E9118D /* AreaData.swift */,
				543C456B27B4E3BD00B8C024 /* LengthConversions.swift */,
				543C456D27B4E3CB00B8C024 /* WeightConversions.swift */,
				543C456F27B4E3D600B8C024 /* AreaConversions.swift */,
			);
			path = Model;
			sourceTree = "<group>";
		};
/* End PBXGroup section */

/* Begin PBXNativeTarget section */
		543AC32C27048BB0008BFCB0 /* CalcApp_sadoshima */ = {
			isa = PBXNativeTarget;
			buildConfigurationList = 543AC33B27048BB1008BFCB0 /* Build configuration list for PBXNativeTarget "CalcApp_sadoshima" */;
			buildPhases = (
				543AC32927048BB0008BFCB0 /* Sources */,
				543AC32A27048BB0008BFCB0 /* Frameworks */,
				543AC32B27048BB0008BFCB0 /* Resources */,
			);
			buildRules = (
			);
			dependencies = (
			);
			name = CalcApp_sadoshima;
			productName = CalcApp_sadoshima;
			productReference = 543AC32D27048BB0008BFCB0 /* CalcApp_sadoshima.app */;
			productType = "com.apple.product-type.application";
		};
/* End PBXNativeTarget section */

/* Begin PBXProject section */
		543AC32527048BB0008BFCB0 /* Project object */ = {
			isa = PBXProject;
			attributes = {
				BuildIndependentTargetsInParallel = 1;
				LastSwiftUpdateCheck = 1300;
				LastUpgradeCheck = 1300;
				TargetAttributes = {
					543AC32C27048BB0008BFCB0 = {
						CreatedOnToolsVersion = 13.0;
					};
				};
			};
			buildConfigurationList = 543AC32827048BB0008BFCB0 /* Build configuration list for PBXProject "CalcApp_sadoshima" */;
			compatibilityVersion = "Xcode 13.0";
			developmentRegion = en;
			hasScannedForEncodings = 0;
			knownRegions = (
				en,
				Base,
			);
			mainGroup = 543AC32427048BB0008BFCB0;
			productRefGroup = 543AC32E27048BB0008BFCB0 /* Products */;
			projectDirPath = "";
			projectRoot = "";
			targets = (
				543AC32C27048BB0008BFCB0 /* CalcApp_sadoshima */,
			);
		};
/* End PBXProject section */

/* Begin PBXResourcesBuildPhase section */
		543AC32B27048BB0008BFCB0 /* Resources */ = {
			isa = PBXResourcesBuildPhase;
			buildActionMask = 2147483647;
			files = (
				543AC33827048BB1008BFCB0 /* Preview Assets.xcassets in Resources */,
				543AC33527048BB1008BFCB0 /* Assets.xcassets in Resources */,
			);
			runOnlyForDeploymentPostprocessing = 0;
		};
/* End PBXResourcesBuildPhase section */

/* Begin PBXSourcesBuildPhase section */
		543AC32927048BB0008BFCB0 /* Sources */ = {
			isa = PBXSourcesBuildPhase;
			buildActionMask = 2147483647;
			files = (
				54E61E7B2795E09900D52187 /* MilligramKeyboardView.swift in Sources */,
				54003D6927A3A53D00723263 /* ConverterView.swift in Sources */,
				544C773127ACE41A00BD46BB /* LengthData.swift in Sources */,
				543C456E27B4E3CB00B8C024 /* WeightConversions.swift in Sources */,
				54BC202427B0EBC700E9118D /* WeightData.swift in Sources */,
				543AC33327048BB0008BFCB0 /* ContentView.swift in Sources */,
				547E2E2F2706DA09004F3565 /* Operator.swift in Sources */,
				54003D6527A39FFF00723263 /* Unit.swift in Sources */,
				543C457027B4E3D600B8C024 /* AreaConversions.swift in Sources */,
				543AC33127048BB0008BFCB0 /* CalcApp_sadoshimaApp.swift in Sources */,
				5428CD5A279A6DC3002216A7 /* UnitConverterView.swift in Sources */,
				54003D6727A3A00A00723263 /* Conversion.swift in Sources */,
				54BC202627B0F38000E9118D /* AreaData.swift in Sources */,
				54E61E792795DF7200D52187 /* Decimal+Extension.swift in Sources */,
				547E2E2D2706C206004F3565 /* CircleText.swift in Sources */,
				5428CD58279A6D21002216A7 /* HomeViewModel.swift in Sources */,
				5428CD54279A6B53002216A7 /* HomeView.swift in Sources */,
				54003D6327A39F1600723263 /* Category.swift in Sources */,
				5428CD56279A6D09002216A7 /* CalcKeyboardView.swift in Sources */,
				543C456C27B4E3BD00B8C024 /* LengthConversions.swift in Sources */,
				5428CD52279A6444002216A7 /* Color+Extension.swift in Sources */,
				54A7ED812722751400523136 /* CalculatorViewModel.swift in Sources */,
			);
			runOnlyForDeploymentPostprocessing = 0;
		};
/* End PBXSourcesBuildPhase section */

/* Begin XCBuildConfiguration section */
		543AC33927048BB1008BFCB0 /* Debug */ = {
			isa = XCBuildConfiguration;
			buildSettings = {
				ALWAYS_SEARCH_USER_PATHS = NO;
				CLANG_ANALYZER_NONNULL = YES;
				CLANG_ANALYZER_NUMBER_OBJECT_CONVERSION = YES_AGGRESSIVE;
				CLANG_CXX_LANGUAGE_STANDARD = "gnu++17";
				CLANG_CXX_LIBRARY = "libc++";
				CLANG_ENABLE_MODULES = YES;
				CLANG_ENABLE_OBJC_ARC = YES;
				CLANG_ENABLE_OBJC_WEAK = YES;
				CLANG_WARN_BLOCK_CAPTURE_AUTORELEASING = YES;
				CLANG_WARN_BOOL_CONVERSION = YES;
				CLANG_WARN_COMMA = YES;
				CLANG_WARN_CONSTANT_CONVERSION = YES;
				CLANG_WARN_DEPRECATED_OBJC_IMPLEMENTATIONS = YES;
				CLANG_WARN_DIRECT_OBJC_ISA_USAGE = YES_ERROR;
				CLANG_WARN_DOCUMENTATION_COMMENTS = YES;
				CLANG_WARN_EMPTY_BODY = YES;
				CLANG_WARN_ENUM_CONVERSION = YES;
				CLANG_WARN_INFINITE_RECURSION = YES;
				CLANG_WARN_INT_CONVERSION = YES;
				CLANG_WARN_NON_LITERAL_NULL_CONVERSION = YES;
				CLANG_WARN_OBJC_IMPLICIT_RETAIN_SELF = YES;
				CLANG_WARN_OBJC_LITERAL_CONVERSION = YES;
				CLANG_WARN_OBJC_ROOT_CLASS = YES_ERROR;
				CLANG_WARN_QUOTED_INCLUDE_IN_FRAMEWORK_HEADER = YES;
				CLANG_WARN_RANGE_LOOP_ANALYSIS = YES;
				CLANG_WARN_STRICT_PROTOTYPES = YES;
				CLANG_WARN_SUSPICIOUS_MOVE = YES;
				CLANG_WARN_UNGUARDED_AVAILABILITY = YES_AGGRESSIVE;
				CLANG_WARN_UNREACHABLE_CODE = YES;
				CLANG_WARN__DUPLICATE_METHOD_MATCH = YES;
				COPY_PHASE_STRIP = NO;
				DEBUG_INFORMATION_FORMAT = dwarf;
				ENABLE_STRICT_OBJC_MSGSEND = YES;
				ENABLE_TESTABILITY = YES;
				GCC_C_LANGUAGE_STANDARD = gnu11;
				GCC_DYNAMIC_NO_PIC = NO;
				GCC_NO_COMMON_BLOCKS = YES;
				GCC_OPTIMIZATION_LEVEL = 0;
				GCC_PREPROCESSOR_DEFINITIONS = (
					"DEBUG=1",
					"$(inherited)",
				);
				GCC_WARN_64_TO_32_BIT_CONVERSION = YES;
				GCC_WARN_ABOUT_RETURN_TYPE = YES_ERROR;
				GCC_WARN_UNDECLARED_SELECTOR = YES;
				GCC_WARN_UNINITIALIZED_AUTOS = YES_AGGRESSIVE;
				GCC_WARN_UNUSED_FUNCTION = YES;
				GCC_WARN_UNUSED_VARIABLE = YES;
				IPHONEOS_DEPLOYMENT_TARGET = 15.0;
				MTL_ENABLE_DEBUG_INFO = INCLUDE_SOURCE;
				MTL_FAST_MATH = YES;
				ONLY_ACTIVE_ARCH = YES;
				SDKROOT = iphoneos;
				SWIFT_ACTIVE_COMPILATION_CONDITIONS = DEBUG;
				SWIFT_OPTIMIZATION_LEVEL = "-Onone";
			};
			name = Debug;
		};
		543AC33A27048BB1008BFCB0 /* Release */ = {
			isa = XCBuildConfiguration;
			buildSettings = {
				ALWAYS_SEARCH_USER_PATHS = NO;
				CLANG_ANALYZER_NONNULL = YES;
				CLANG_ANALYZER_NUMBER_OBJECT_CONVERSION = YES_AGGRESSIVE;
				CLANG_CXX_LANGUAGE_STANDARD = "gnu++17";
				CLANG_CXX_LIBRARY = "libc++";
				CLANG_ENABLE_MODULES = YES;
				CLANG_ENABLE_OBJC_ARC = YES;
				CLANG_ENABLE_OBJC_WEAK = YES;
				CLANG_WARN_BLOCK_CAPTURE_AUTORELEASING = YES;
				CLANG_WARN_BOOL_CONVERSION = YES;
				CLANG_WARN_COMMA = YES;
				CLANG_WARN_CONSTANT_CONVERSION = YES;
				CLANG_WARN_DEPRECATED_OBJC_IMPLEMENTATIONS = YES;
				CLANG_WARN_DIRECT_OBJC_ISA_USAGE = YES_ERROR;
				CLANG_WARN_DOCUMENTATION_COMMENTS = YES;
				CLANG_WARN_EMPTY_BODY = YES;
				CLANG_WARN_ENUM_CONVERSION = YES;
				CLANG_WARN_INFINITE_RECURSION = YES;
				CLANG_WARN_INT_CONVERSION = YES;
				CLANG_WARN_NON_LITERAL_NULL_CONVERSION = YES;
				CLANG_WARN_OBJC_IMPLICIT_RETAIN_SELF = YES;
				CLANG_WARN_OBJC_LITERAL_CONVERSION = YES;
				CLANG_WARN_OBJC_ROOT_CLASS = YES_ERROR;
				CLANG_WARN_QUOTED_INCLUDE_IN_FRAMEWORK_HEADER = YES;
				CLANG_WARN_RANGE_LOOP_ANALYSIS = YES;
				CLANG_WARN_STRICT_PROTOTYPES = YES;
				CLANG_WARN_SUSPICIOUS_MOVE = YES;
				CLANG_WARN_UNGUARDED_AVAILABILITY = YES_AGGRESSIVE;
				CLANG_WARN_UNREACHABLE_CODE = YES;
				CLANG_WARN__DUPLICATE_METHOD_MATCH = YES;
				COPY_PHASE_STRIP = NO;
				DEBUG_INFORMATION_FORMAT = "dwarf-with-dsym";
				ENABLE_NS_ASSERTIONS = NO;
				ENABLE_STRICT_OBJC_MSGSEND = YES;
				GCC_C_LANGUAGE_STANDARD = gnu11;
				GCC_NO_COMMON_BLOCKS = YES;
				GCC_WARN_64_TO_32_BIT_CONVERSION = YES;
				GCC_WARN_ABOUT_RETURN_TYPE = YES_ERROR;
				GCC_WARN_UNDECLARED_SELECTOR = YES;
				GCC_WARN_UNINITIALIZED_AUTOS = YES_AGGRESSIVE;
				GCC_WARN_UNUSED_FUNCTION = YES;
				GCC_WARN_UNUSED_VARIABLE = YES;
				IPHONEOS_DEPLOYMENT_TARGET = 15.0;
				MTL_ENABLE_DEBUG_INFO = NO;
				MTL_FAST_MATH = YES;
				SDKROOT = iphoneos;
				SWIFT_COMPILATION_MODE = wholemodule;
				SWIFT_OPTIMIZATION_LEVEL = "-O";
				VALIDATE_PRODUCT = YES;
			};
			name = Release;
		};
		543AC33C27048BB1008BFCB0 /* Debug */ = {
			isa = XCBuildConfiguration;
			buildSettings = {
				ASSETCATALOG_COMPILER_APPICON_NAME = AppIcon;
				ASSETCATALOG_COMPILER_GLOBAL_ACCENT_COLOR_NAME = AccentColor;
				CODE_SIGN_STYLE = Automatic;
				CURRENT_PROJECT_VERSION = 1;
				DEVELOPMENT_ASSET_PATHS = "\"CalcApp_sadoshima/Preview Content\"";
				DEVELOPMENT_TEAM = PNHDUJ8FZK;
				ENABLE_PREVIEWS = YES;
				GENERATE_INFOPLIST_FILE = YES;
				INFOPLIST_KEY_UIApplicationSceneManifest_Generation = YES;
				INFOPLIST_KEY_UIApplicationSupportsIndirectInputEvents = YES;
				INFOPLIST_KEY_UILaunchScreen_Generation = YES;
				INFOPLIST_KEY_UISupportedInterfaceOrientations_iPad = "UIInterfaceOrientationPortrait UIInterfaceOrientationPortraitUpsideDown UIInterfaceOrientationLandscapeLeft UIInterfaceOrientationLandscapeRight";
				INFOPLIST_KEY_UISupportedInterfaceOrientations_iPhone = "UIInterfaceOrientationPortrait UIInterfaceOrientationLandscapeLeft UIInterfaceOrientationLandscapeRight";
				IPHONEOS_DEPLOYMENT_TARGET = 14.0;
				LD_RUNPATH_SEARCH_PATHS = (
					"$(inherited)",
					"@executable_path/Frameworks",
				);
				MARKETING_VERSION = 1.0;
				PRODUCT_BUNDLE_IDENTIFIER = "com.office-meet.sadoshima.CalcApp-sadoshima";
				PRODUCT_NAME = "$(TARGET_NAME)";
				SWIFT_EMIT_LOC_STRINGS = YES;
				SWIFT_VERSION = 5.0;
				TARGETED_DEVICE_FAMILY = "1,2";
			};
			name = Debug;
		};
		543AC33D27048BB1008BFCB0 /* Release */ = {
			isa = XCBuildConfiguration;
			buildSettings = {
				ASSETCATALOG_COMPILER_APPICON_NAME = AppIcon;
				ASSETCATALOG_COMPILER_GLOBAL_ACCENT_COLOR_NAME = AccentColor;
				CODE_SIGN_STYLE = Automatic;
				CURRENT_PROJECT_VERSION = 1;
				DEVELOPMENT_ASSET_PATHS = "\"CalcApp_sadoshima/Preview Content\"";
				DEVELOPMENT_TEAM = PNHDUJ8FZK;
				ENABLE_PREVIEWS = YES;
				GENERATE_INFOPLIST_FILE = YES;
				INFOPLIST_KEY_UIApplicationSceneManifest_Generation = YES;
				INFOPLIST_KEY_UIApplicationSupportsIndirectInputEvents = YES;
				INFOPLIST_KEY_UILaunchScreen_Generation = YES;
				INFOPLIST_KEY_UISupportedInterfaceOrientations_iPad = "UIInterfaceOrientationPortrait UIInterfaceOrientationPortraitUpsideDown UIInterfaceOrientationLandscapeLeft UIInterfaceOrientationLandscapeRight";
				INFOPLIST_KEY_UISupportedInterfaceOrientations_iPhone = "UIInterfaceOrientationPortrait UIInterfaceOrientationLandscapeLeft UIInterfaceOrientationLandscapeRight";
				IPHONEOS_DEPLOYMENT_TARGET = 14.0;
				LD_RUNPATH_SEARCH_PATHS = (
					"$(inherited)",
					"@executable_path/Frameworks",
				);
				MARKETING_VERSION = 1.0;
				PRODUCT_BUNDLE_IDENTIFIER = "com.office-meet.sadoshima.CalcApp-sadoshima";
				PRODUCT_NAME = "$(TARGET_NAME)";
				SWIFT_EMIT_LOC_STRINGS = YES;
				SWIFT_VERSION = 5.0;
				TARGETED_DEVICE_FAMILY = "1,2";
			};
			name = Release;
		};
/* End XCBuildConfiguration section */

/* Begin XCConfigurationList section */
		543AC32827048BB0008BFCB0 /* Build configuration list for PBXProject "CalcApp_sadoshima" */ = {
			isa = XCConfigurationList;
			buildConfigurations = (
				543AC33927048BB1008BFCB0 /* Debug */,
				543AC33A27048BB1008BFCB0 /* Release */,
			);
			defaultConfigurationIsVisible = 0;
			defaultConfigurationName = Release;
		};
		543AC33B27048BB1008BFCB0 /* Build configuration list for PBXNativeTarget "CalcApp_sadoshima" */ = {
			isa = XCConfigurationList;
			buildConfigurations = (
				543AC33C27048BB1008BFCB0 /* Debug */,
				543AC33D27048BB1008BFCB0 /* Release */,
			);
			defaultConfigurationIsVisible = 0;
			defaultConfigurationName = Release;
		};
/* End XCConfigurationList section */
	};
	rootObject = 543AC32527048BB0008BFCB0 /* Project object */;
}
